
Microsoft Visual Studio Solution File, Format Version 12.00
# Visual Studio Version 17
VisualStudioVersion = 17.9.34728.123
MinimumVisualStudioVersion = 10.0.40219.1
Project("{9A19103F-16F7-4668-BE54-9A1E7A4F7556}") = "EjerciciosRazorPages", "EjerciciosRazorPages\EjerciciosRazorPages.csproj", "{465A8FAA-C537-4BAD-8940-467DCDE59F89}"
EndProject
Global
	GlobalSection(SolutionConfigurationPlatforms) = preSolution
		Debug|Any CPU = Debug|Any CPU
		Release|Any CPU = Release|Any CPU
	EndGlobalSection
	GlobalSection(ProjectConfigurationPlatforms) = postSolution
		{465A8FAA-C537-4BAD-8940-467DCDE59F89}.Debug|Any CPU.ActiveCfg = Debug|Any CPU
		{465A8FAA-C537-4BAD-8940-467DCDE59F89}.Debug|Any CPU.Build.0 = Debug|Any CPU
		{465A8FAA-C537-4BAD-8940-467DCDE59F89}.Release|Any CPU.ActiveCfg = Release|Any CPU
		{465A8FAA-C537-4BAD-8940-467DCDE59F89}.Release|Any CPU.Build.0 = Release|Any CPU
	EndGlobalSection
	GlobalSection(SolutionProperties) = preSolution
		HideSolutionNode = FALSE
	EndGlobalSection
	GlobalSection(ExtensibilityGlobals) = postSolution
		SolutionGuid = {55B0682D-EDA4-4369-88F2-637C1B9C47A9}
	EndGlobalSection
EndGlobal
